// !$*UTF8*$!
{
	archiveVersion = 1;
	classes = {
	};
	objectVersion = 46;
	objects = {

/* Begin PBXBuildFile section */
		B6056F621C3F910800E876D8 /* DoubleExtensionsTests.swift in Sources */ = {isa = PBXBuildFile; fileRef = B6056F611C3F910800E876D8 /* DoubleExtensionsTests.swift */; };
		B61381851C3D9AC800C90817 /* Conservatory.framework in Frameworks */ = {isa = PBXBuildFile; fileRef = B613817A1C3D9AC700C90817 /* Conservatory.framework */; };
		B61381C11C3D9B2F00C90817 /* Appearance.swift in Sources */ = {isa = PBXBuildFile; fileRef = B61381961C3D9B2F00C90817 /* Appearance.swift */; };
		B61381C21C3D9B2F00C90817 /* Aura.swift in Sources */ = {isa = PBXBuildFile; fileRef = B61381971C3D9B2F00C90817 /* Aura.swift */; };
		B61381C31C3D9B2F00C90817 /* BlendMode.swift in Sources */ = {isa = PBXBuildFile; fileRef = B61381981C3D9B2F00C90817 /* BlendMode.swift */; };
		B61381C41C3D9B2F00C90817 /* Color.swift in Sources */ = {isa = PBXBuildFile; fileRef = B613819A1C3D9B2F00C90817 /* Color.swift */; };
		B61381C51C3D9B2F00C90817 /* ColorCompanions.swift in Sources */ = {isa = PBXBuildFile; fileRef = B613819B1C3D9B2F00C90817 /* ColorCompanions.swift */; };
		B61381C61C3D9B2F00C90817 /* ColorCreation.swift in Sources */ = {isa = PBXBuildFile; fileRef = B613819C1C3D9B2F00C90817 /* ColorCreation.swift */; };
		B61381C71C3D9B2F00C90817 /* ColorRelations.swift in Sources */ = {isa = PBXBuildFile; fileRef = B613819D1C3D9B2F00C90817 /* ColorRelations.swift */; };
		B61381C81C3D9B2F00C90817 /* Colors.swift in Sources */ = {isa = PBXBuildFile; fileRef = B613819E1C3D9B2F00C90817 /* Colors.swift */; };
		B61381C91C3D9B2F00C90817 /* ColorViews.swift in Sources */ = {isa = PBXBuildFile; fileRef = B613819F1C3D9B2F00C90817 /* ColorViews.swift */; };
		B61381CA1C3D9B2F00C90817 /* Palattes.swift in Sources */ = {isa = PBXBuildFile; fileRef = B61381A01C3D9B2F00C90817 /* Palattes.swift */; };
		B61381CB1C3D9B2F00C90817 /* DoubleExtensions.swift in Sources */ = {isa = PBXBuildFile; fileRef = B61381A21C3D9B2F00C90817 /* DoubleExtensions.swift */; };
		B61381CC1C3D9B2F00C90817 /* Interpolation.swift in Sources */ = {isa = PBXBuildFile; fileRef = B61381A31C3D9B2F00C90817 /* Interpolation.swift */; };
		B61381CD1C3D9B2F00C90817 /* IntExtensions.swift in Sources */ = {isa = PBXBuildFile; fileRef = B61381A41C3D9B2F00C90817 /* IntExtensions.swift */; };
		B61381CE1C3D9B2F00C90817 /* Random.swift in Sources */ = {isa = PBXBuildFile; fileRef = B61381A51C3D9B2F00C90817 /* Random.swift */; };
		B61381D01C3D9B2F00C90817 /* Geometry.swift in Sources */ = {isa = PBXBuildFile; fileRef = B61381A71C3D9B2F00C90817 /* Geometry.swift */; };
		B61381D11C3D9B2F00C90817 /* Transform.swift in Sources */ = {isa = PBXBuildFile; fileRef = B61381A81C3D9B2F00C90817 /* Transform.swift */; };
		B61381D21C3D9B2F00C90817 /* Conservatory.h in Headers */ = {isa = PBXBuildFile; fileRef = B61381A91C3D9B2F00C90817 /* Conservatory.h */; settings = {ATTRIBUTES = (Public, ); }; };
		B61381D31C3D9B2F00C90817 /* Bezier.swift in Sources */ = {isa = PBXBuildFile; fileRef = B61381AB1C3D9B2F00C90817 /* Bezier.swift */; };
		B61381D41C3D9B2F00C90817 /* Canvas.swift in Sources */ = {isa = PBXBuildFile; fileRef = B61381AC1C3D9B2F00C90817 /* Canvas.swift */; };
		B61381D51C3D9B2F00C90817 /* Image.swift in Sources */ = {isa = PBXBuildFile; fileRef = B61381AD1C3D9B2F00C90817 /* Image.swift */; };
		B61381D61C3D9B2F00C90817 /* ImageAnalysis.swift in Sources */ = {isa = PBXBuildFile; fileRef = B61381AE1C3D9B2F00C90817 /* ImageAnalysis.swift */; };
		B61381D71C3D9B2F00C90817 /* Shape.swift in Sources */ = {isa = PBXBuildFile; fileRef = B61381AF1C3D9B2F00C90817 /* Shape.swift */; };
		B61381D81C3D9B2F00C90817 /* Shapes2D.swift in Sources */ = {isa = PBXBuildFile; fileRef = B61381B01C3D9B2F00C90817 /* Shapes2D.swift */; };
		B61381D91C3D9B2F00C90817 /* Text.swift in Sources */ = {isa = PBXBuildFile; fileRef = B61381B11C3D9B2F00C90817 /* Text.swift */; };
		B61381DA1C3D9B2F00C90817 /* ArrayExtensions.swift in Sources */ = {isa = PBXBuildFile; fileRef = B61381B31C3D9B2F00C90817 /* ArrayExtensions.swift */; };
		B61381DB1C3D9B2F00C90817 /* CGBridging.swift in Sources */ = {isa = PBXBuildFile; fileRef = B61381B41C3D9B2F00C90817 /* CGBridging.swift */; };
		B61381DC1C3D9B2F00C90817 /* CocoaTextBridging.swift in Sources */ = {isa = PBXBuildFile; fileRef = B61381B51C3D9B2F00C90817 /* CocoaTextBridging.swift */; };
		B61381DD1C3D9B2F00C90817 /* FloatingPointDefinitions.swift in Sources */ = {isa = PBXBuildFile; fileRef = B61381B61C3D9B2F00C90817 /* FloatingPointDefinitions.swift */; };
		B61381DE1C3D9B2F00C90817 /* PlaygroundSupport-iOS.swift in Sources */ = {isa = PBXBuildFile; fileRef = B61381B71C3D9B2F00C90817 /* PlaygroundSupport-iOS.swift */; };
		B61381DF1C3D9B2F00C90817 /* MT19937-64.swift in Sources */ = {isa = PBXBuildFile; fileRef = B61381B91C3D9B2F00C90817 /* MT19937-64.swift */; };
		B61381E01C3D9B2F00C90817 /* Seeding.swift in Sources */ = {isa = PBXBuildFile; fileRef = B61381BA1C3D9B2F00C90817 /* Seeding.swift */; };
		B61381E11C3D9B2F00C90817 /* CGRenderer.swift in Sources */ = {isa = PBXBuildFile; fileRef = B61381BC1C3D9B2F00C90817 /* CGRenderer.swift */; };
		B61381E21C3D9B2F00C90817 /* Renderer.swift in Sources */ = {isa = PBXBuildFile; fileRef = B61381BD1C3D9B2F00C90817 /* Renderer.swift */; };
		B61381E31C3D9B2F00C90817 /* StringRenderer.swift in Sources */ = {isa = PBXBuildFile; fileRef = B61381BE1C3D9B2F00C90817 /* StringRenderer.swift */; };
		B61381E81C3D9B5000C90817 /* AuraTests.swift in Sources */ = {isa = PBXBuildFile; fileRef = B61381E61C3D9B5000C90817 /* AuraTests.swift */; };
		B61381E91C3D9B5000C90817 /* Info.plist in Resources */ = {isa = PBXBuildFile; fileRef = B61381E71C3D9B5000C90817 /* Info.plist */; };
		B61381EC1C3DA0C100C90817 /* ColorTests.swift in Sources */ = {isa = PBXBuildFile; fileRef = B61381EB1C3DA0C100C90817 /* ColorTests.swift */; };
		B62268BA1C406B3A005A679D /* CGImageBridging.swift in Sources */ = {isa = PBXBuildFile; fileRef = B62268B91C406B3A005A679D /* CGImageBridging.swift */; };
		B62268C01C40864D005A679D /* UIImageBridging.swift in Sources */ = {isa = PBXBuildFile; fileRef = B62268BE1C40864D005A679D /* UIImageBridging.swift */; };
		B62268F31C40885E005A679D /* ColorCreation.swift in Sources */ = {isa = PBXBuildFile; fileRef = B613819C1C3D9B2F00C90817 /* ColorCreation.swift */; };
		B62268F41C40885E005A679D /* Palattes.swift in Sources */ = {isa = PBXBuildFile; fileRef = B61381A01C3D9B2F00C90817 /* Palattes.swift */; };
		B62268F51C40885E005A679D /* Interpolation.swift in Sources */ = {isa = PBXBuildFile; fileRef = B61381A31C3D9B2F00C90817 /* Interpolation.swift */; };
		B62268F71C40885E005A679D /* Colors.swift in Sources */ = {isa = PBXBuildFile; fileRef = B613819E1C3D9B2F00C90817 /* Colors.swift */; };
		B62268F81C40885E005A679D /* Renderer.swift in Sources */ = {isa = PBXBuildFile; fileRef = B61381BD1C3D9B2F00C90817 /* Renderer.swift */; };
		B62268F91C40885E005A679D /* Shapes2D.swift in Sources */ = {isa = PBXBuildFile; fileRef = B61381B01C3D9B2F00C90817 /* Shapes2D.swift */; };
		B62268FA1C40885E005A679D /* NSImageBridging.swift in Sources */ = {isa = PBXBuildFile; fileRef = B62268BD1C40864D005A679D /* NSImageBridging.swift */; };
		B62268FB1C40885E005A679D /* Aura.swift in Sources */ = {isa = PBXBuildFile; fileRef = B61381971C3D9B2F00C90817 /* Aura.swift */; };
		B62268FC1C40885E005A679D /* ArrayExtensions.swift in Sources */ = {isa = PBXBuildFile; fileRef = B61381B31C3D9B2F00C90817 /* ArrayExtensions.swift */; };
		B62268FD1C40885E005A679D /* Geometry.swift in Sources */ = {isa = PBXBuildFile; fileRef = B61381A71C3D9B2F00C90817 /* Geometry.swift */; };
		B62268FE1C40885E005A679D /* Transform.swift in Sources */ = {isa = PBXBuildFile; fileRef = B61381A81C3D9B2F00C90817 /* Transform.swift */; };
		B62268FF1C40885E005A679D /* Canvas.swift in Sources */ = {isa = PBXBuildFile; fileRef = B61381AC1C3D9B2F00C90817 /* Canvas.swift */; };
		B62269001C40885E005A679D /* ColorViews.swift in Sources */ = {isa = PBXBuildFile; fileRef = B613819F1C3D9B2F00C90817 /* ColorViews.swift */; };
		B62269011C40885E005A679D /* Text.swift in Sources */ = {isa = PBXBuildFile; fileRef = B61381B11C3D9B2F00C90817 /* Text.swift */; };
		B62269021C40885E005A679D /* CGRenderer.swift in Sources */ = {isa = PBXBuildFile; fileRef = B61381BC1C3D9B2F00C90817 /* CGRenderer.swift */; };
		B62269031C40885E005A679D /* Image.swift in Sources */ = {isa = PBXBuildFile; fileRef = B61381AD1C3D9B2F00C90817 /* Image.swift */; };
		B62269041C40885E005A679D /* StringRenderer.swift in Sources */ = {isa = PBXBuildFile; fileRef = B61381BE1C3D9B2F00C90817 /* StringRenderer.swift */; };
		B62269051C40885E005A679D /* Random.swift in Sources */ = {isa = PBXBuildFile; fileRef = B61381A51C3D9B2F00C90817 /* Random.swift */; };
		B62269061C40885E005A679D /* Color.swift in Sources */ = {isa = PBXBuildFile; fileRef = B613819A1C3D9B2F00C90817 /* Color.swift */; };
		B62269071C40885E005A679D /* IntExtensions.swift in Sources */ = {isa = PBXBuildFile; fileRef = B61381A41C3D9B2F00C90817 /* IntExtensions.swift */; };
		B62269081C40885E005A679D /* ColorRelations.swift in Sources */ = {isa = PBXBuildFile; fileRef = B613819D1C3D9B2F00C90817 /* ColorRelations.swift */; };
		B62269091C40885E005A679D /* Bezier.swift in Sources */ = {isa = PBXBuildFile; fileRef = B61381AB1C3D9B2F00C90817 /* Bezier.swift */; };
		B622690A1C40885E005A679D /* ColorCompanions.swift in Sources */ = {isa = PBXBuildFile; fileRef = B613819B1C3D9B2F00C90817 /* ColorCompanions.swift */; };
		B622690C1C40885E005A679D /* MT19937-64.swift in Sources */ = {isa = PBXBuildFile; fileRef = B61381B91C3D9B2F00C90817 /* MT19937-64.swift */; };
		B622690D1C40885E005A679D /* BlendMode.swift in Sources */ = {isa = PBXBuildFile; fileRef = B61381981C3D9B2F00C90817 /* BlendMode.swift */; };
		B622690E1C40885E005A679D /* Shape.swift in Sources */ = {isa = PBXBuildFile; fileRef = B61381AF1C3D9B2F00C90817 /* Shape.swift */; };
		B622690F1C40885E005A679D /* Seeding.swift in Sources */ = {isa = PBXBuildFile; fileRef = B61381BA1C3D9B2F00C90817 /* Seeding.swift */; };
		B62269101C40885E005A679D /* CocoaTextBridging.swift in Sources */ = {isa = PBXBuildFile; fileRef = B61381B51C3D9B2F00C90817 /* CocoaTextBridging.swift */; };
		B62269111C40885E005A679D /* CGBridging.swift in Sources */ = {isa = PBXBuildFile; fileRef = B61381B41C3D9B2F00C90817 /* CGBridging.swift */; };
		B62269121C40885E005A679D /* FloatingPointDefinitions.swift in Sources */ = {isa = PBXBuildFile; fileRef = B61381B61C3D9B2F00C90817 /* FloatingPointDefinitions.swift */; };
		B62269141C40885E005A679D /* Appearance.swift in Sources */ = {isa = PBXBuildFile; fileRef = B61381961C3D9B2F00C90817 /* Appearance.swift */; };
		B62269151C40885E005A679D /* CGImageBridging.swift in Sources */ = {isa = PBXBuildFile; fileRef = B62268B91C406B3A005A679D /* CGImageBridging.swift */; };
		B62269161C40885E005A679D /* ImageAnalysis.swift in Sources */ = {isa = PBXBuildFile; fileRef = B61381AE1C3D9B2F00C90817 /* ImageAnalysis.swift */; };
		B62269171C40885E005A679D /* DoubleExtensions.swift in Sources */ = {isa = PBXBuildFile; fileRef = B61381A21C3D9B2F00C90817 /* DoubleExtensions.swift */; };
		B622691A1C40885E005A679D /* Conservatory.h in Headers */ = {isa = PBXBuildFile; fileRef = B61381A91C3D9B2F00C90817 /* Conservatory.h */; settings = {ATTRIBUTES = (Public, ); }; };
		B63851B31C589F4500F0531A /* CARenderer.swift in Sources */ = {isa = PBXBuildFile; fileRef = B63851B21C589F4500F0531A /* CARenderer.swift */; };
		B63851B41C589FA600F0531A /* CARenderer.swift in Sources */ = {isa = PBXBuildFile; fileRef = B63851B21C589F4500F0531A /* CARenderer.swift */; };
/* End PBXBuildFile section */

/* Begin PBXContainerItemProxy section */
		B61381861C3D9AC800C90817 /* PBXContainerItemProxy */ = {
			isa = PBXContainerItemProxy;
			containerPortal = B61381711C3D9AC700C90817 /* Project object */;
			proxyType = 1;
			remoteGlobalIDString = B61381791C3D9AC700C90817;
			remoteInfo = Conservatory;
		};
/* End PBXContainerItemProxy section */

/* Begin PBXFileReference section */
		B6056F611C3F910800E876D8 /* DoubleExtensionsTests.swift */ = {isa = PBXFileReference; fileEncoding = 4; lastKnownFileType = sourcecode.swift; path = DoubleExtensionsTests.swift; sourceTree = "<group>"; };
		B613817A1C3D9AC700C90817 /* Conservatory.framework */ = {isa = PBXFileReference; explicitFileType = wrapper.framework; includeInIndex = 0; path = Conservatory.framework; sourceTree = BUILT_PRODUCTS_DIR; };
		B61381841C3D9AC800C90817 /* Tests.xctest */ = {isa = PBXFileReference; explicitFileType = wrapper.cfbundle; includeInIndex = 0; path = Tests.xctest; sourceTree = BUILT_PRODUCTS_DIR; };
		B61381961C3D9B2F00C90817 /* Appearance.swift */ = {isa = PBXFileReference; fileEncoding = 4; lastKnownFileType = sourcecode.swift; path = Appearance.swift; sourceTree = "<group>"; };
		B61381971C3D9B2F00C90817 /* Aura.swift */ = {isa = PBXFileReference; fileEncoding = 4; lastKnownFileType = sourcecode.swift; path = Aura.swift; sourceTree = "<group>"; };
		B61381981C3D9B2F00C90817 /* BlendMode.swift */ = {isa = PBXFileReference; fileEncoding = 4; lastKnownFileType = sourcecode.swift; path = BlendMode.swift; sourceTree = "<group>"; };
		B613819A1C3D9B2F00C90817 /* Color.swift */ = {isa = PBXFileReference; fileEncoding = 4; lastKnownFileType = sourcecode.swift; path = Color.swift; sourceTree = "<group>"; };
		B613819B1C3D9B2F00C90817 /* ColorCompanions.swift */ = {isa = PBXFileReference; fileEncoding = 4; lastKnownFileType = sourcecode.swift; path = ColorCompanions.swift; sourceTree = "<group>"; };
		B613819C1C3D9B2F00C90817 /* ColorCreation.swift */ = {isa = PBXFileReference; fileEncoding = 4; lastKnownFileType = sourcecode.swift; path = ColorCreation.swift; sourceTree = "<group>"; };
		B613819D1C3D9B2F00C90817 /* ColorRelations.swift */ = {isa = PBXFileReference; fileEncoding = 4; lastKnownFileType = sourcecode.swift; path = ColorRelations.swift; sourceTree = "<group>"; };
		B613819E1C3D9B2F00C90817 /* Colors.swift */ = {isa = PBXFileReference; fileEncoding = 4; lastKnownFileType = sourcecode.swift; path = Colors.swift; sourceTree = "<group>"; };
		B613819F1C3D9B2F00C90817 /* ColorViews.swift */ = {isa = PBXFileReference; fileEncoding = 4; lastKnownFileType = sourcecode.swift; path = ColorViews.swift; sourceTree = "<group>"; };
		B61381A01C3D9B2F00C90817 /* Palattes.swift */ = {isa = PBXFileReference; fileEncoding = 4; lastKnownFileType = sourcecode.swift; path = Palattes.swift; sourceTree = "<group>"; };
		B61381A21C3D9B2F00C90817 /* DoubleExtensions.swift */ = {isa = PBXFileReference; fileEncoding = 4; lastKnownFileType = sourcecode.swift; path = DoubleExtensions.swift; sourceTree = "<group>"; };
		B61381A31C3D9B2F00C90817 /* Interpolation.swift */ = {isa = PBXFileReference; fileEncoding = 4; lastKnownFileType = sourcecode.swift; path = Interpolation.swift; sourceTree = "<group>"; };
		B61381A41C3D9B2F00C90817 /* IntExtensions.swift */ = {isa = PBXFileReference; fileEncoding = 4; lastKnownFileType = sourcecode.swift; path = IntExtensions.swift; sourceTree = "<group>"; };
		B61381A51C3D9B2F00C90817 /* Random.swift */ = {isa = PBXFileReference; fileEncoding = 4; lastKnownFileType = sourcecode.swift; path = Random.swift; sourceTree = "<group>"; };
		B61381A71C3D9B2F00C90817 /* Geometry.swift */ = {isa = PBXFileReference; fileEncoding = 4; lastKnownFileType = sourcecode.swift; path = Geometry.swift; sourceTree = "<group>"; };
		B61381A81C3D9B2F00C90817 /* Transform.swift */ = {isa = PBXFileReference; fileEncoding = 4; lastKnownFileType = sourcecode.swift; path = Transform.swift; sourceTree = "<group>"; };
		B61381A91C3D9B2F00C90817 /* Conservatory.h */ = {isa = PBXFileReference; fileEncoding = 4; lastKnownFileType = sourcecode.c.h; path = Conservatory.h; sourceTree = "<group>"; };
		B61381AB1C3D9B2F00C90817 /* Bezier.swift */ = {isa = PBXFileReference; fileEncoding = 4; lastKnownFileType = sourcecode.swift; path = Bezier.swift; sourceTree = "<group>"; };
		B61381AC1C3D9B2F00C90817 /* Canvas.swift */ = {isa = PBXFileReference; fileEncoding = 4; lastKnownFileType = sourcecode.swift; path = Canvas.swift; sourceTree = "<group>"; };
		B61381AD1C3D9B2F00C90817 /* Image.swift */ = {isa = PBXFileReference; fileEncoding = 4; lastKnownFileType = sourcecode.swift; path = Image.swift; sourceTree = "<group>"; };
		B61381AE1C3D9B2F00C90817 /* ImageAnalysis.swift */ = {isa = PBXFileReference; fileEncoding = 4; lastKnownFileType = sourcecode.swift; path = ImageAnalysis.swift; sourceTree = "<group>"; };
		B61381AF1C3D9B2F00C90817 /* Shape.swift */ = {isa = PBXFileReference; fileEncoding = 4; lastKnownFileType = sourcecode.swift; path = Shape.swift; sourceTree = "<group>"; };
		B61381B01C3D9B2F00C90817 /* Shapes2D.swift */ = {isa = PBXFileReference; fileEncoding = 4; lastKnownFileType = sourcecode.swift; path = Shapes2D.swift; sourceTree = "<group>"; };
		B61381B11C3D9B2F00C90817 /* Text.swift */ = {isa = PBXFileReference; fileEncoding = 4; lastKnownFileType = sourcecode.swift; path = Text.swift; sourceTree = "<group>"; };
		B61381B31C3D9B2F00C90817 /* ArrayExtensions.swift */ = {isa = PBXFileReference; fileEncoding = 4; lastKnownFileType = sourcecode.swift; path = ArrayExtensions.swift; sourceTree = "<group>"; };
		B61381B41C3D9B2F00C90817 /* CGBridging.swift */ = {isa = PBXFileReference; fileEncoding = 4; lastKnownFileType = sourcecode.swift; path = CGBridging.swift; sourceTree = "<group>"; };
		B61381B51C3D9B2F00C90817 /* CocoaTextBridging.swift */ = {isa = PBXFileReference; fileEncoding = 4; lastKnownFileType = sourcecode.swift; path = CocoaTextBridging.swift; sourceTree = "<group>"; };
		B61381B61C3D9B2F00C90817 /* FloatingPointDefinitions.swift */ = {isa = PBXFileReference; fileEncoding = 4; lastKnownFileType = sourcecode.swift; path = FloatingPointDefinitions.swift; sourceTree = "<group>"; };
		B61381B71C3D9B2F00C90817 /* PlaygroundSupport-iOS.swift */ = {isa = PBXFileReference; fileEncoding = 4; lastKnownFileType = sourcecode.swift; path = "PlaygroundSupport-iOS.swift"; sourceTree = "<group>"; };
		B61381B91C3D9B2F00C90817 /* MT19937-64.swift */ = {isa = PBXFileReference; fileEncoding = 4; lastKnownFileType = sourcecode.swift; path = "MT19937-64.swift"; sourceTree = "<group>"; };
		B61381BA1C3D9B2F00C90817 /* Seeding.swift */ = {isa = PBXFileReference; fileEncoding = 4; lastKnownFileType = sourcecode.swift; path = Seeding.swift; sourceTree = "<group>"; };
		B61381BC1C3D9B2F00C90817 /* CGRenderer.swift */ = {isa = PBXFileReference; fileEncoding = 4; lastKnownFileType = sourcecode.swift; path = CGRenderer.swift; sourceTree = "<group>"; };
		B61381BD1C3D9B2F00C90817 /* Renderer.swift */ = {isa = PBXFileReference; fileEncoding = 4; lastKnownFileType = sourcecode.swift; path = Renderer.swift; sourceTree = "<group>"; };
		B61381BE1C3D9B2F00C90817 /* StringRenderer.swift */ = {isa = PBXFileReference; fileEncoding = 4; lastKnownFileType = sourcecode.swift; path = StringRenderer.swift; sourceTree = "<group>"; };
		B61381C01C3D9B2F00C90817 /* Info-iOS.plist */ = {isa = PBXFileReference; fileEncoding = 4; lastKnownFileType = text.plist.xml; path = "Info-iOS.plist"; sourceTree = "<group>"; };
		B61381E61C3D9B5000C90817 /* AuraTests.swift */ = {isa = PBXFileReference; fileEncoding = 4; lastKnownFileType = sourcecode.swift; path = AuraTests.swift; sourceTree = "<group>"; };
		B61381E71C3D9B5000C90817 /* Info.plist */ = {isa = PBXFileReference; fileEncoding = 4; lastKnownFileType = text.plist.xml; path = Info.plist; sourceTree = "<group>"; };
		B61381EB1C3DA0C100C90817 /* ColorTests.swift */ = {isa = PBXFileReference; fileEncoding = 4; lastKnownFileType = sourcecode.swift; path = ColorTests.swift; sourceTree = "<group>"; };
		B62268B91C406B3A005A679D /* CGImageBridging.swift */ = {isa = PBXFileReference; fileEncoding = 4; lastKnownFileType = sourcecode.swift; name = CGImageBridging.swift; path = Cocoa/CGImageBridging.swift; sourceTree = "<group>"; };
		B62268BD1C40864D005A679D /* NSImageBridging.swift */ = {isa = PBXFileReference; fileEncoding = 4; lastKnownFileType = sourcecode.swift; name = NSImageBridging.swift; path = Cocoa/NSImageBridging.swift; sourceTree = "<group>"; };
		B62268BE1C40864D005A679D /* UIImageBridging.swift */ = {isa = PBXFileReference; fileEncoding = 4; lastKnownFileType = sourcecode.swift; name = UIImageBridging.swift; path = Cocoa/UIImageBridging.swift; sourceTree = "<group>"; };
		B622691F1C40885E005A679D /* Conservatory.framework */ = {isa = PBXFileReference; explicitFileType = wrapper.framework; includeInIndex = 0; path = Conservatory.framework; sourceTree = BUILT_PRODUCTS_DIR; };
		B62269241C40C02C005A679D /* Info-Mac.plist */ = {isa = PBXFileReference; lastKnownFileType = text.plist.xml; path = "Info-Mac.plist"; sourceTree = "<group>"; };
		B63851B21C589F4500F0531A /* CARenderer.swift */ = {isa = PBXFileReference; fileEncoding = 4; lastKnownFileType = sourcecode.swift; path = CARenderer.swift; sourceTree = "<group>"; };
/* End PBXFileReference section */

/* Begin PBXFrameworksBuildPhase section */
		B61381761C3D9AC700C90817 /* Frameworks */ = {
			isa = PBXFrameworksBuildPhase;
			buildActionMask = 2147483647;
			files = (
			);
			runOnlyForDeploymentPostprocessing = 0;
		};
		B61381811C3D9AC800C90817 /* Frameworks */ = {
			isa = PBXFrameworksBuildPhase;
			buildActionMask = 2147483647;
			files = (
				B61381851C3D9AC800C90817 /* Conservatory.framework in Frameworks */,
			);
			runOnlyForDeploymentPostprocessing = 0;
		};
		B62269181C40885E005A679D /* Frameworks */ = {
			isa = PBXFrameworksBuildPhase;
			buildActionMask = 2147483647;
			files = (
			);
			runOnlyForDeploymentPostprocessing = 0;
		};
/* End PBXFrameworksBuildPhase section */

/* Begin PBXGroup section */
		B61381701C3D9AC700C90817 = {
			isa = PBXGroup;
			children = (
				B61381941C3D9B2F00C90817 /* Code */,
				B61381BF1C3D9B2F00C90817 /* Resources */,
				B61381E51C3D9B5000C90817 /* Tests */,
				B613817B1C3D9AC700C90817 /* Products */,
			);
			sourceTree = "<group>";
		};
		B613817B1C3D9AC700C90817 /* Products */ = {
			isa = PBXGroup;
			children = (
				B613817A1C3D9AC700C90817 /* Conservatory.framework */,
				B61381841C3D9AC800C90817 /* Tests.xctest */,
				B622691F1C40885E005A679D /* Conservatory.framework */,
			);
			name = Products;
			sourceTree = "<group>";
		};
		B61381941C3D9B2F00C90817 /* Code */ = {
			isa = PBXGroup;
			children = (
				B61381951C3D9B2F00C90817 /* Components */,
				B61381AA1C3D9B2F00C90817 /* Inputs */,
				B61381B21C3D9B2F00C90817 /* Internal */,
				B61381BB1C3D9B2F00C90817 /* Outputs */,
				B61381A91C3D9B2F00C90817 /* Conservatory.h */,
			);
			path = Code;
			sourceTree = "<group>";
		};
		B61381951C3D9B2F00C90817 /* Components */ = {
			isa = PBXGroup;
			children = (
				B61381961C3D9B2F00C90817 /* Appearance.swift */,
				B61381971C3D9B2F00C90817 /* Aura.swift */,
				B61381981C3D9B2F00C90817 /* BlendMode.swift */,
				B61381991C3D9B2F00C90817 /* Color */,
				B61381A11C3D9B2F00C90817 /* Extensions */,
				B61381A71C3D9B2F00C90817 /* Geometry.swift */,
				B61381A81C3D9B2F00C90817 /* Transform.swift */,
			);
			path = Components;
			sourceTree = "<group>";
		};
		B61381991C3D9B2F00C90817 /* Color */ = {
			isa = PBXGroup;
			children = (
				B613819A1C3D9B2F00C90817 /* Color.swift */,
				B613819B1C3D9B2F00C90817 /* ColorCompanions.swift */,
				B613819C1C3D9B2F00C90817 /* ColorCreation.swift */,
				B613819D1C3D9B2F00C90817 /* ColorRelations.swift */,
				B613819E1C3D9B2F00C90817 /* Colors.swift */,
				B613819F1C3D9B2F00C90817 /* ColorViews.swift */,
				B61381A01C3D9B2F00C90817 /* Palattes.swift */,
			);
			path = Color;
			sourceTree = "<group>";
		};
		B61381A11C3D9B2F00C90817 /* Extensions */ = {
			isa = PBXGroup;
			children = (
				B61381A21C3D9B2F00C90817 /* DoubleExtensions.swift */,
				B61381A31C3D9B2F00C90817 /* Interpolation.swift */,
				B61381A41C3D9B2F00C90817 /* IntExtensions.swift */,
				B61381A51C3D9B2F00C90817 /* Random.swift */,
			);
			path = Extensions;
			sourceTree = "<group>";
		};
		B61381AA1C3D9B2F00C90817 /* Inputs */ = {
			isa = PBXGroup;
			children = (
				B62268B81C406B21005A679D /* Cocoa */,
				B61381AB1C3D9B2F00C90817 /* Bezier.swift */,
				B61381AC1C3D9B2F00C90817 /* Canvas.swift */,
				B61381AD1C3D9B2F00C90817 /* Image.swift */,
				B61381AE1C3D9B2F00C90817 /* ImageAnalysis.swift */,
				B61381AF1C3D9B2F00C90817 /* Shape.swift */,
				B61381B01C3D9B2F00C90817 /* Shapes2D.swift */,
				B61381B11C3D9B2F00C90817 /* Text.swift */,
			);
			path = Inputs;
			sourceTree = "<group>";
		};
		B61381B21C3D9B2F00C90817 /* Internal */ = {
			isa = PBXGroup;
			children = (
				B61381B31C3D9B2F00C90817 /* ArrayExtensions.swift */,
				B61381B41C3D9B2F00C90817 /* CGBridging.swift */,
				B61381B51C3D9B2F00C90817 /* CocoaTextBridging.swift */,
				B61381B61C3D9B2F00C90817 /* FloatingPointDefinitions.swift */,
				B61381B71C3D9B2F00C90817 /* PlaygroundSupport-iOS.swift */,
				B61381B81C3D9B2F00C90817 /* Random */,
			);
			path = Internal;
			sourceTree = "<group>";
		};
		B61381B81C3D9B2F00C90817 /* Random */ = {
			isa = PBXGroup;
			children = (
				B61381B91C3D9B2F00C90817 /* MT19937-64.swift */,
				B61381BA1C3D9B2F00C90817 /* Seeding.swift */,
			);
			path = Random;
			sourceTree = "<group>";
		};
		B61381BB1C3D9B2F00C90817 /* Outputs */ = {
			isa = PBXGroup;
			children = (
				B63851B21C589F4500F0531A /* CARenderer.swift */,
				B61381BC1C3D9B2F00C90817 /* CGRenderer.swift */,
				B61381BD1C3D9B2F00C90817 /* Renderer.swift */,
				B61381BE1C3D9B2F00C90817 /* StringRenderer.swift */,
			);
			path = Outputs;
			sourceTree = "<group>";
		};
		B61381BF1C3D9B2F00C90817 /* Resources */ = {
			isa = PBXGroup;
			children = (
				B62269241C40C02C005A679D /* Info-Mac.plist */,
				B61381C01C3D9B2F00C90817 /* Info-iOS.plist */,
			);
			path = Resources;
			sourceTree = "<group>";
		};
		B61381E51C3D9B5000C90817 /* Tests */ = {
			isa = PBXGroup;
			children = (
				B61381EA1C3DA05F00C90817 /* Components */,
				B61381E71C3D9B5000C90817 /* Info.plist */,
			);
			path = Tests;
			sourceTree = "<group>";
		};
		B61381EA1C3DA05F00C90817 /* Components */ = {
			isa = PBXGroup;
			children = (
				B61381E61C3D9B5000C90817 /* AuraTests.swift */,
				B61381EB1C3DA0C100C90817 /* ColorTests.swift */,
				B6056F611C3F910800E876D8 /* DoubleExtensionsTests.swift */,
			);
			name = Components;
			sourceTree = "<group>";
		};
		B62268B81C406B21005A679D /* Cocoa */ = {
			isa = PBXGroup;
			children = (
				B62268B91C406B3A005A679D /* CGImageBridging.swift */,
				B62268BD1C40864D005A679D /* NSImageBridging.swift */,
				B62268BE1C40864D005A679D /* UIImageBridging.swift */,
			);
			name = Cocoa;
			sourceTree = "<group>";
		};
/* End PBXGroup section */

/* Begin PBXHeadersBuildPhase section */
		B61381771C3D9AC700C90817 /* Headers */ = {
			isa = PBXHeadersBuildPhase;
			buildActionMask = 2147483647;
			files = (
				B61381D21C3D9B2F00C90817 /* Conservatory.h in Headers */,
			);
			runOnlyForDeploymentPostprocessing = 0;
		};
		B62269191C40885E005A679D /* Headers */ = {
			isa = PBXHeadersBuildPhase;
			buildActionMask = 2147483647;
			files = (
				B622691A1C40885E005A679D /* Conservatory.h in Headers */,
			);
			runOnlyForDeploymentPostprocessing = 0;
		};
/* End PBXHeadersBuildPhase section */

/* Begin PBXNativeTarget section */
		B61381791C3D9AC700C90817 /* Conservatory-iOS */ = {
			isa = PBXNativeTarget;
			buildConfigurationList = B613818E1C3D9AC800C90817 /* Build configuration list for PBXNativeTarget "Conservatory-iOS" */;
			buildPhases = (
				B61381751C3D9AC700C90817 /* Sources */,
				B61381761C3D9AC700C90817 /* Frameworks */,
				B61381771C3D9AC700C90817 /* Headers */,
				B61381781C3D9AC700C90817 /* Resources */,
			);
			buildRules = (
			);
			dependencies = (
			);
			name = "Conservatory-iOS";
			productName = Conservatory;
			productReference = B613817A1C3D9AC700C90817 /* Conservatory.framework */;
			productType = "com.apple.product-type.framework";
		};
		B61381831C3D9AC800C90817 /* Tests */ = {
			isa = PBXNativeTarget;
			buildConfigurationList = B61381911C3D9AC800C90817 /* Build configuration list for PBXNativeTarget "Tests" */;
			buildPhases = (
				B61381801C3D9AC800C90817 /* Sources */,
				B61381811C3D9AC800C90817 /* Frameworks */,
				B61381821C3D9AC800C90817 /* Resources */,
			);
			buildRules = (
			);
			dependencies = (
				B61381871C3D9AC800C90817 /* PBXTargetDependency */,
			);
			name = Tests;
			productName = ConservatoryTests;
			productReference = B61381841C3D9AC800C90817 /* Tests.xctest */;
			productType = "com.apple.product-type.bundle.unit-test";
		};
		B62268F11C40885E005A679D /* Conservatory-Mac */ = {
			isa = PBXNativeTarget;
			buildConfigurationList = B622691C1C40885E005A679D /* Build configuration list for PBXNativeTarget "Conservatory-Mac" */;
			buildPhases = (
				B62268F21C40885E005A679D /* Sources */,
				B62269181C40885E005A679D /* Frameworks */,
				B62269191C40885E005A679D /* Headers */,
				B622691B1C40885E005A679D /* Resources */,
			);
			buildRules = (
			);
			dependencies = (
			);
			name = "Conservatory-Mac";
			productName = Conservatory;
			productReference = B622691F1C40885E005A679D /* Conservatory.framework */;
			productType = "com.apple.product-type.framework";
		};
/* End PBXNativeTarget section */

/* Begin PBXProject section */
		B61381711C3D9AC700C90817 /* Project object */ = {
			isa = PBXProject;
			attributes = {
				LastSwiftUpdateCheck = 0720;
				LastUpgradeCheck = 0720;
				ORGANIZATIONNAME = Conservatory;
				TargetAttributes = {
					B61381791C3D9AC700C90817 = {
						CreatedOnToolsVersion = 7.2;
					};
					B61381831C3D9AC800C90817 = {
						CreatedOnToolsVersion = 7.2;
					};
				};
			};
			buildConfigurationList = B61381741C3D9AC700C90817 /* Build configuration list for PBXProject "Conservatory" */;
			compatibilityVersion = "Xcode 3.2";
			developmentRegion = English;
			hasScannedForEncodings = 0;
			knownRegions = (
				en,
			);
			mainGroup = B61381701C3D9AC700C90817;
			productRefGroup = B613817B1C3D9AC700C90817 /* Products */;
			projectDirPath = "";
			projectRoot = "";
			targets = (
				B61381791C3D9AC700C90817 /* Conservatory-iOS */,
				B61381831C3D9AC800C90817 /* Tests */,
				B62268F11C40885E005A679D /* Conservatory-Mac */,
			);
		};
/* End PBXProject section */

/* Begin PBXResourcesBuildPhase section */
		B61381781C3D9AC700C90817 /* Resources */ = {
			isa = PBXResourcesBuildPhase;
			buildActionMask = 2147483647;
			files = (
			);
			runOnlyForDeploymentPostprocessing = 0;
		};
		B61381821C3D9AC800C90817 /* Resources */ = {
			isa = PBXResourcesBuildPhase;
			buildActionMask = 2147483647;
			files = (
				B61381E91C3D9B5000C90817 /* Info.plist in Resources */,
			);
			runOnlyForDeploymentPostprocessing = 0;
		};
		B622691B1C40885E005A679D /* Resources */ = {
			isa = PBXResourcesBuildPhase;
			buildActionMask = 2147483647;
			files = (
			);
			runOnlyForDeploymentPostprocessing = 0;
		};
/* End PBXResourcesBuildPhase section */

/* Begin PBXSourcesBuildPhase section */
		B61381751C3D9AC700C90817 /* Sources */ = {
			isa = PBXSourcesBuildPhase;
			buildActionMask = 2147483647;
			files = (
				B61381C61C3D9B2F00C90817 /* ColorCreation.swift in Sources */,
				B61381CA1C3D9B2F00C90817 /* Palattes.swift in Sources */,
				B61381CC1C3D9B2F00C90817 /* Interpolation.swift in Sources */,
				B62268C01C40864D005A679D /* UIImageBridging.swift in Sources */,
				B61381C81C3D9B2F00C90817 /* Colors.swift in Sources */,
				B61381E21C3D9B2F00C90817 /* Renderer.swift in Sources */,
				B61381D81C3D9B2F00C90817 /* Shapes2D.swift in Sources */,
				B61381C21C3D9B2F00C90817 /* Aura.swift in Sources */,
				B61381DA1C3D9B2F00C90817 /* ArrayExtensions.swift in Sources */,
				B61381D01C3D9B2F00C90817 /* Geometry.swift in Sources */,
				B61381D11C3D9B2F00C90817 /* Transform.swift in Sources */,
				B61381D41C3D9B2F00C90817 /* Canvas.swift in Sources */,
				B61381C91C3D9B2F00C90817 /* ColorViews.swift in Sources */,
				B61381D91C3D9B2F00C90817 /* Text.swift in Sources */,
				B61381E11C3D9B2F00C90817 /* CGRenderer.swift in Sources */,
				B61381D51C3D9B2F00C90817 /* Image.swift in Sources */,
				B61381E31C3D9B2F00C90817 /* StringRenderer.swift in Sources */,
				B61381CE1C3D9B2F00C90817 /* Random.swift in Sources */,
				B61381C41C3D9B2F00C90817 /* Color.swift in Sources */,
				B61381CD1C3D9B2F00C90817 /* IntExtensions.swift in Sources */,
				B61381C71C3D9B2F00C90817 /* ColorRelations.swift in Sources */,
				B61381D31C3D9B2F00C90817 /* Bezier.swift in Sources */,
				B61381C51C3D9B2F00C90817 /* ColorCompanions.swift in Sources */,
				B61381DE1C3D9B2F00C90817 /* PlaygroundSupport-iOS.swift in Sources */,
				B61381DF1C3D9B2F00C90817 /* MT19937-64.swift in Sources */,
				B61381C31C3D9B2F00C90817 /* BlendMode.swift in Sources */,
				B61381D71C3D9B2F00C90817 /* Shape.swift in Sources */,
				B61381E01C3D9B2F00C90817 /* Seeding.swift in Sources */,
				B61381DC1C3D9B2F00C90817 /* CocoaTextBridging.swift in Sources */,
				B61381DB1C3D9B2F00C90817 /* CGBridging.swift in Sources */,
				B63851B31C589F4500F0531A /* CARenderer.swift in Sources */,
				B61381DD1C3D9B2F00C90817 /* FloatingPointDefinitions.swift in Sources */,
				B61381C11C3D9B2F00C90817 /* Appearance.swift in Sources */,
				B62268BA1C406B3A005A679D /* CGImageBridging.swift in Sources */,
				B61381D61C3D9B2F00C90817 /* ImageAnalysis.swift in Sources */,
				B61381CB1C3D9B2F00C90817 /* DoubleExtensions.swift in Sources */,
			);
			runOnlyForDeploymentPostprocessing = 0;
		};
		B61381801C3D9AC800C90817 /* Sources */ = {
			isa = PBXSourcesBuildPhase;
			buildActionMask = 2147483647;
			files = (
				B61381E81C3D9B5000C90817 /* AuraTests.swift in Sources */,
				B61381EC1C3DA0C100C90817 /* ColorTests.swift in Sources */,
				B6056F621C3F910800E876D8 /* DoubleExtensionsTests.swift in Sources */,
			);
			runOnlyForDeploymentPostprocessing = 0;
		};
		B62268F21C40885E005A679D /* Sources */ = {
			isa = PBXSourcesBuildPhase;
			buildActionMask = 2147483647;
			files = (
				B62268F31C40885E005A679D /* ColorCreation.swift in Sources */,
				B62268F41C40885E005A679D /* Palattes.swift in Sources */,
				B62268F51C40885E005A679D /* Interpolation.swift in Sources */,
				B62268F71C40885E005A679D /* Colors.swift in Sources */,
				B62268F81C40885E005A679D /* Renderer.swift in Sources */,
				B62268F91C40885E005A679D /* Shapes2D.swift in Sources */,
				B62268FA1C40885E005A679D /* NSImageBridging.swift in Sources */,
				B62268FB1C40885E005A679D /* Aura.swift in Sources */,
				B62268FC1C40885E005A679D /* ArrayExtensions.swift in Sources */,
				B62268FD1C40885E005A679D /* Geometry.swift in Sources */,
				B62268FE1C40885E005A679D /* Transform.swift in Sources */,
				B62268FF1C40885E005A679D /* Canvas.swift in Sources */,
				B62269001C40885E005A679D /* ColorViews.swift in Sources */,
				B62269011C40885E005A679D /* Text.swift in Sources */,
				B63851B41C589FA600F0531A /* CARenderer.swift in Sources */,
				B62269021C40885E005A679D /* CGRenderer.swift in Sources */,
				B62269031C40885E005A679D /* Image.swift in Sources */,
				B62269041C40885E005A679D /* StringRenderer.swift in Sources */,
				B62269051C40885E005A679D /* Random.swift in Sources */,
				B62269061C40885E005A679D /* Color.swift in Sources */,
				B62269071C40885E005A679D /* IntExtensions.swift in Sources */,
				B62269081C40885E005A679D /* ColorRelations.swift in Sources */,
				B62269091C40885E005A679D /* Bezier.swift in Sources */,
				B622690A1C40885E005A679D /* ColorCompanions.swift in Sources */,
				B622690C1C40885E005A679D /* MT19937-64.swift in Sources */,
				B622690D1C40885E005A679D /* BlendMode.swift in Sources */,
				B622690E1C40885E005A679D /* Shape.swift in Sources */,
				B622690F1C40885E005A679D /* Seeding.swift in Sources */,
				B62269101C40885E005A679D /* CocoaTextBridging.swift in Sources */,
				B62269111C40885E005A679D /* CGBridging.swift in Sources */,
				B62269121C40885E005A679D /* FloatingPointDefinitions.swift in Sources */,
				B62269141C40885E005A679D /* Appearance.swift in Sources */,
				B62269151C40885E005A679D /* CGImageBridging.swift in Sources */,
				B62269161C40885E005A679D /* ImageAnalysis.swift in Sources */,
				B62269171C40885E005A679D /* DoubleExtensions.swift in Sources */,
			);
			runOnlyForDeploymentPostprocessing = 0;
		};
/* End PBXSourcesBuildPhase section */

/* Begin PBXTargetDependency section */
		B61381871C3D9AC800C90817 /* PBXTargetDependency */ = {
			isa = PBXTargetDependency;
			target = B61381791C3D9AC700C90817 /* Conservatory-iOS */;
			targetProxy = B61381861C3D9AC800C90817 /* PBXContainerItemProxy */;
		};
/* End PBXTargetDependency section */

/* Begin XCBuildConfiguration section */
		B613818C1C3D9AC800C90817 /* Debug */ = {
			isa = XCBuildConfiguration;
			buildSettings = {
				ALWAYS_SEARCH_USER_PATHS = NO;
				CLANG_CXX_LANGUAGE_STANDARD = "gnu++0x";
				CLANG_CXX_LIBRARY = "libc++";
				CLANG_ENABLE_MODULES = YES;
				CLANG_ENABLE_OBJC_ARC = YES;
				CLANG_WARN_BOOL_CONVERSION = YES;
				CLANG_WARN_CONSTANT_CONVERSION = YES;
				CLANG_WARN_DIRECT_OBJC_ISA_USAGE = YES_ERROR;
				CLANG_WARN_EMPTY_BODY = YES;
				CLANG_WARN_ENUM_CONVERSION = YES;
				CLANG_WARN_INT_CONVERSION = YES;
				CLANG_WARN_OBJC_ROOT_CLASS = YES_ERROR;
				CLANG_WARN_UNREACHABLE_CODE = YES;
				CLANG_WARN__DUPLICATE_METHOD_MATCH = YES;
				"CODE_SIGN_IDENTITY[sdk=iphoneos*]" = "iPhone Developer";
				COPY_PHASE_STRIP = NO;
				CURRENT_PROJECT_VERSION = 1;
				DEBUG_INFORMATION_FORMAT = dwarf;
				ENABLE_STRICT_OBJC_MSGSEND = YES;
				ENABLE_TESTABILITY = YES;
				GCC_C_LANGUAGE_STANDARD = gnu99;
				GCC_DYNAMIC_NO_PIC = NO;
				GCC_NO_COMMON_BLOCKS = YES;
				GCC_OPTIMIZATION_LEVEL = 0;
				GCC_PREPROCESSOR_DEFINITIONS = (
					"DEBUG=1",
					"$(inherited)",
				);
				GCC_WARN_64_TO_32_BIT_CONVERSION = YES;
				GCC_WARN_ABOUT_RETURN_TYPE = YES_ERROR;
				GCC_WARN_UNDECLARED_SELECTOR = YES;
				GCC_WARN_UNINITIALIZED_AUTOS = YES_AGGRESSIVE;
				GCC_WARN_UNUSED_FUNCTION = YES;
				GCC_WARN_UNUSED_VARIABLE = YES;
				IPHONEOS_DEPLOYMENT_TARGET = 9.2;
				MTL_ENABLE_DEBUG_INFO = YES;
				ONLY_ACTIVE_ARCH = YES;
				SDKROOT = iphoneos;
				SWIFT_OPTIMIZATION_LEVEL = "-Onone";
				TARGETED_DEVICE_FAMILY = "1,2";
				VERSIONING_SYSTEM = "apple-generic";
				VERSION_INFO_PREFIX = "";
			};
			name = Debug;
		};
		B613818D1C3D9AC800C90817 /* Release */ = {
			isa = XCBuildConfiguration;
			buildSettings = {
				ALWAYS_SEARCH_USER_PATHS = NO;
				CLANG_CXX_LANGUAGE_STANDARD = "gnu++0x";
				CLANG_CXX_LIBRARY = "libc++";
				CLANG_ENABLE_MODULES = YES;
				CLANG_ENABLE_OBJC_ARC = YES;
				CLANG_WARN_BOOL_CONVERSION = YES;
				CLANG_WARN_CONSTANT_CONVERSION = YES;
				CLANG_WARN_DIRECT_OBJC_ISA_USAGE = YES_ERROR;
				CLANG_WARN_EMPTY_BODY = YES;
				CLANG_WARN_ENUM_CONVERSION = YES;
				CLANG_WARN_INT_CONVERSION = YES;
				CLANG_WARN_OBJC_ROOT_CLASS = YES_ERROR;
				CLANG_WARN_UNREACHABLE_CODE = YES;
				CLANG_WARN__DUPLICATE_METHOD_MATCH = YES;
				"CODE_SIGN_IDENTITY[sdk=iphoneos*]" = "iPhone Developer";
				COPY_PHASE_STRIP = NO;
				CURRENT_PROJECT_VERSION = 1;
				DEBUG_INFORMATION_FORMAT = "dwarf-with-dsym";
				ENABLE_NS_ASSERTIONS = NO;
				ENABLE_STRICT_OBJC_MSGSEND = YES;
				GCC_C_LANGUAGE_STANDARD = gnu99;
				GCC_NO_COMMON_BLOCKS = YES;
				GCC_WARN_64_TO_32_BIT_CONVERSION = YES;
				GCC_WARN_ABOUT_RETURN_TYPE = YES_ERROR;
				GCC_WARN_UNDECLARED_SELECTOR = YES;
				GCC_WARN_UNINITIALIZED_AUTOS = YES_AGGRESSIVE;
				GCC_WARN_UNUSED_FUNCTION = YES;
				GCC_WARN_UNUSED_VARIABLE = YES;
				IPHONEOS_DEPLOYMENT_TARGET = 9.2;
				MTL_ENABLE_DEBUG_INFO = NO;
				SDKROOT = iphoneos;
				TARGETED_DEVICE_FAMILY = "1,2";
				VALIDATE_PRODUCT = YES;
				VERSIONING_SYSTEM = "apple-generic";
				VERSION_INFO_PREFIX = "";
			};
			name = Release;
		};
		B613818F1C3D9AC800C90817 /* Debug */ = {
			isa = XCBuildConfiguration;
			buildSettings = {
				DEFINES_MODULE = YES;
				DYLIB_COMPATIBILITY_VERSION = 1;
				DYLIB_CURRENT_VERSION = 1;
				DYLIB_INSTALL_NAME_BASE = "@rpath";
				INFOPLIST_FILE = "Resources/Info-iOS.plist";
				INSTALL_PATH = "$(LOCAL_LIBRARY_DIR)/Frameworks";
				LD_RUNPATH_SEARCH_PATHS = "$(inherited) @executable_path/Frameworks @loader_path/Frameworks";
				PRODUCT_BUNDLE_IDENTIFIER = be.radiantdot.Conservatory;
				PRODUCT_NAME = Conservatory;
				SKIP_INSTALL = YES;
			};
			name = Debug;
		};
		B61381901C3D9AC800C90817 /* Release */ = {
			isa = XCBuildConfiguration;
			buildSettings = {
				DEFINES_MODULE = YES;
				DYLIB_COMPATIBILITY_VERSION = 1;
				DYLIB_CURRENT_VERSION = 1;
				DYLIB_INSTALL_NAME_BASE = "@rpath";
				INFOPLIST_FILE = "Resources/Info-iOS.plist";
				INSTALL_PATH = "$(LOCAL_LIBRARY_DIR)/Frameworks";
				LD_RUNPATH_SEARCH_PATHS = "$(inherited) @executable_path/Frameworks @loader_path/Frameworks";
				PRODUCT_BUNDLE_IDENTIFIER = be.radiantdot.Conservatory;
				PRODUCT_NAME = Conservatory;
				SKIP_INSTALL = YES;
			};
			name = Release;
		};
		B61381921C3D9AC800C90817 /* Debug */ = {
			isa = XCBuildConfiguration;
			buildSettings = {
				INFOPLIST_FILE = Tests/Info.plist;
				LD_RUNPATH_SEARCH_PATHS = "$(inherited) @executable_path/Frameworks @loader_path/Frameworks";
				PRODUCT_BUNDLE_IDENTIFIER = be.radiantdot.ConservatoryTests;
				PRODUCT_NAME = "$(TARGET_NAME)";
			};
			name = Debug;
		};
		B61381931C3D9AC800C90817 /* Release */ = {
			isa = XCBuildConfiguration;
			buildSettings = {
				INFOPLIST_FILE = Tests/Info.plist;
				LD_RUNPATH_SEARCH_PATHS = "$(inherited) @executable_path/Frameworks @loader_path/Frameworks";
				PRODUCT_BUNDLE_IDENTIFIER = be.radiantdot.ConservatoryTests;
				PRODUCT_NAME = "$(TARGET_NAME)";
			};
			name = Release;
		};
		B622691D1C40885E005A679D /* Debug */ = {
			isa = XCBuildConfiguration;
			buildSettings = {
				DEFINES_MODULE = YES;
				DYLIB_COMPATIBILITY_VERSION = 1;
				DYLIB_CURRENT_VERSION = 1;
				DYLIB_INSTALL_NAME_BASE = "@rpath";
				INFOPLIST_FILE = "Resources/Info-Mac.plist";
				INSTALL_PATH = "$(LOCAL_LIBRARY_DIR)/Frameworks";
				LD_RUNPATH_SEARCH_PATHS = "$(inherited) @executable_path/Frameworks @loader_path/Frameworks";
				PRODUCT_BUNDLE_IDENTIFIER = be.radiantdot.Conservatory;
				PRODUCT_NAME = Conservatory;
				SDKROOT = macosx;
				SKIP_INSTALL = YES;
			};
			name = Debug;
		};
		B622691E1C40885E005A679D /* Release */ = {
			isa = XCBuildConfiguration;
			buildSettings = {
				DEFINES_MODULE = YES;
				DYLIB_COMPATIBILITY_VERSION = 1;
				DYLIB_CURRENT_VERSION = 1;
				DYLIB_INSTALL_NAME_BASE = "@rpath";
				INFOPLIST_FILE = "Resources/Info-Mac.plist";
				INSTALL_PATH = "$(LOCAL_LIBRARY_DIR)/Frameworks";
				LD_RUNPATH_SEARCH_PATHS = "$(inherited) @executable_path/Frameworks @loader_path/Frameworks";
				PRODUCT_BUNDLE_IDENTIFIER = be.radiantdot.Conservatory;
				PRODUCT_NAME = Conservatory;
				SDKROOT = macosx;
				SKIP_INSTALL = YES;
			};
			name = Release;
		};
/* End XCBuildConfiguration section */

/* Begin XCConfigurationList section */
		B61381741C3D9AC700C90817 /* Build configuration list for PBXProject "Conservatory" */ = {
			isa = XCConfigurationList;
			buildConfigurations = (
				B613818C1C3D9AC800C90817 /* Debug */,
				B613818D1C3D9AC800C90817 /* Release */,
			);
			defaultConfigurationIsVisible = 0;
			defaultConfigurationName = Release;
		};
		B613818E1C3D9AC800C90817 /* Build configuration list for PBXNativeTarget "Conservatory-iOS" */ = {
			isa = XCConfigurationList;
			buildConfigurations = (
				B613818F1C3D9AC800C90817 /* Debug */,
				B61381901C3D9AC800C90817 /* Release */,
			);
			defaultConfigurationIsVisible = 0;
			defaultConfigurationName = Release;
		};
		B61381911C3D9AC800C90817 /* Build configuration list for PBXNativeTarget "Tests" */ = {
			isa = XCConfigurationList;
			buildConfigurations = (
				B61381921C3D9AC800C90817 /* Debug */,
				B61381931C3D9AC800C90817 /* Release */,
			);
			defaultConfigurationIsVisible = 0;
			defaultConfigurationName = Release;
		};
		B622691C1C40885E005A679D /* Build configuration list for PBXNativeTarget "Conservatory-Mac" */ = {
			isa = XCConfigurationList;
			buildConfigurations = (
				B622691D1C40885E005A679D /* Debug */,
				B622691E1C40885E005A679D /* Release */,
			);
			defaultConfigurationIsVisible = 0;
			defaultConfigurationName = Release;
		};
/* End XCConfigurationList section */
	};
	rootObject = B61381711C3D9AC700C90817 /* Project object */;
}
